
Microsoft Visual Studio Solution File, Format Version 12.00
# Visual Studio Version 16
VisualStudioVersion = 16.0.29728.190
MinimumVisualStudioVersion = 10.0.40219.1
Project("{9A19103F-16F7-4668-BE54-9A1E7A4F7556}") = "ReportingApp", "ReportingApp.csproj", "{F1699AD6-F502-4D3C-9B80-AED900BD48BD}"
EndProject
Project("{9A19103F-16F7-4668-BE54-9A1E7A4F7556}") = "Services", "..\Services\Services.csproj", "{E5F18932-D3DD-4670-B0C5-E26815A45549}"
EndProject
Project("{9A19103F-16F7-4668-BE54-9A1E7A4F7556}") = "Repositories", "..\Repositories\Repositories.csproj", "{441D31C8-80FF-4046-ACC6-589F9020BC82}"
EndProject
Global
	GlobalSection(SolutionConfigurationPlatforms) = preSolution
		Debug|Any CPU = Debug|Any CPU
		Release|Any CPU = Release|Any CPU
	EndGlobalSection
	GlobalSection(ProjectConfigurationPlatforms) = postSolution
		{F1699AD6-F502-4D3C-9B80-AED900BD48BD}.Debug|Any CPU.ActiveCfg = Debug|Any CPU
		{F1699AD6-F502-4D3C-9B80-AED900BD48BD}.Debug|Any CPU.Build.0 = Debug|Any CPU
		{F1699AD6-F502-4D3C-9B80-AED900BD48BD}.Release|Any CPU.ActiveCfg = Release|Any CPU
		{F1699AD6-F502-4D3C-9B80-AED900BD48BD}.Release|Any CPU.Build.0 = Release|Any CPU
		{E5F18932-D3DD-4670-B0C5-E26815A45549}.Debug|Any CPU.ActiveCfg = Debug|Any CPU
		{E5F18932-D3DD-4670-B0C5-E26815A45549}.Debug|Any CPU.Build.0 = Debug|Any CPU
		{E5F18932-D3DD-4670-B0C5-E26815A45549}.Release|Any CPU.ActiveCfg = Release|Any CPU
		{E5F18932-D3DD-4670-B0C5-E26815A45549}.Release|Any CPU.Build.0 = Release|Any CPU
		{441D31C8-80FF-4046-ACC6-589F9020BC82}.Debug|Any CPU.ActiveCfg = Debug|Any CPU
		{441D31C8-80FF-4046-ACC6-589F9020BC82}.Debug|Any CPU.Build.0 = Debug|Any CPU
		{441D31C8-80FF-4046-ACC6-589F9020BC82}.Release|Any CPU.ActiveCfg = Release|Any CPU
		{441D31C8-80FF-4046-ACC6-589F9020BC82}.Release|Any CPU.Build.0 = Release|Any CPU
	EndGlobalSection
	GlobalSection(SolutionProperties) = preSolution
		HideSolutionNode = FALSE
	EndGlobalSection
	GlobalSection(ExtensibilityGlobals) = postSolution
		SolutionGuid = {A791FE74-48DB-4DF9-B81F-99008C8879A4}
	EndGlobalSection
EndGlobal
